
Microsoft Visual Studio Solution File, Format Version 12.00
Project("{FAE04EC0-301F-11D3-BF4B-00C04F79EFBC}") = "OpusDemo", "OpusDemo\OpusDemo.csproj", "{33941F85-9F83-4246-94C6-E7B468A30673}"
EndProject
Project("{FAE04EC0-301F-11D3-BF4B-00C04F79EFBC}") = "OpusWrapper", "OpusWrapper\OpusWrapper.csproj", "{9EF40CC8-0B6F-4F14-80DA-2AF57CF07C25}"
EndProject
Global
	GlobalSection(SolutionConfigurationPlatforms) = preSolution
		Debug|Any CPU = Debug|Any CPU
		Release|Any CPU = Release|Any CPU
	EndGlobalSection
	GlobalSection(ProjectConfigurationPlatforms) = postSolution
		{33941F85-9F83-4246-94C6-E7B468A30673}.Debug|Any CPU.ActiveCfg = Debug|Any CPU
		{33941F85-9F83-4246-94C6-E7B468A30673}.Debug|Any CPU.Build.0 = Debug|Any CPU
		{33941F85-9F83-4246-94C6-E7B468A30673}.Release|Any CPU.ActiveCfg = Release|Any CPU
		{33941F85-9F83-4246-94C6-E7B468A30673}.Release|Any CPU.Build.0 = Release|Any CPU
		{9EF40CC8-0B6F-4F14-80DA-2AF57CF07C25}.Debug|Any CPU.ActiveCfg = Debug|Any CPU
		{9EF40CC8-0B6F-4F14-80DA-2AF57CF07C25}.Debug|Any CPU.Build.0 = Debug|Any CPU
		{9EF40CC8-0B6F-4F14-80DA-2AF57CF07C25}.Release|Any CPU.ActiveCfg = Release|Any CPU
		{9EF40CC8-0B6F-4F14-80DA-2AF57CF07C25}.Release|Any CPU.Build.0 = Release|Any CPU
	EndGlobalSection
EndGlobal
